
Microsoft Visual Studio Solution File, Format Version 12.00
# Visual Studio Version 16
VisualStudioVersion = 16.0.31205.134
MinimumVisualStudioVersion = 10.0.40219.1
Project("{9A19103F-16F7-4668-BE54-9A1E7A4F7556}") = "trainline.rates.api", "trainline.rates.api\trainline.rates.api.csproj", "{9E3B8E59-2B3C-4557-A63A-7E43FC52C81D}"
EndProject
Project("{9A19103F-16F7-4668-BE54-9A1E7A4F7556}") = "trainline.rates.common", "trainline.rates.common\trainline.rates.common.csproj", "{F968B040-B954-4E95-9086-B323D03106E2}"
EndProject
Project("{9A19103F-16F7-4668-BE54-9A1E7A4F7556}") = "trainline.rates.services", "trainline.rates.services\trainline.rates.services.csproj", "{7E4E46CA-A80C-4551-BA59-4836E07FBF54}"
EndProject
Project("{9A19103F-16F7-4668-BE54-9A1E7A4F7556}") = "trainline.rates.infrastructure", "trainline.rates.infrastructure\trainline.rates.infrastructure.csproj", "{F14CC3A4-2E55-46CB-ACF4-26B01EBB8B4F}"
EndProject
Project("{9A19103F-16F7-4668-BE54-9A1E7A4F7556}") = "trainline.rates.tests", "trainline.rates.tests\trainline.rates.tests.csproj", "{000B87D4-4FAB-47FB-9B8C-3D8E01D726EC}"
EndProject
Project("{2150E333-8FDC-42A3-9474-1A3956D46DE8}") = "Solution Items", "Solution Items", "{04F74343-33EE-4957-92DA-B3B95026C169}"
	ProjectSection(SolutionItems) = preProject
		README.md = README.md
	EndProjectSection
EndProject
Global
	GlobalSection(SolutionConfigurationPlatforms) = preSolution
		Debug|Any CPU = Debug|Any CPU
		Release|Any CPU = Release|Any CPU
	EndGlobalSection
	GlobalSection(ProjectConfigurationPlatforms) = postSolution
		{9E3B8E59-2B3C-4557-A63A-7E43FC52C81D}.Debug|Any CPU.ActiveCfg = Debug|Any CPU
		{9E3B8E59-2B3C-4557-A63A-7E43FC52C81D}.Debug|Any CPU.Build.0 = Debug|Any CPU
		{9E3B8E59-2B3C-4557-A63A-7E43FC52C81D}.Release|Any CPU.ActiveCfg = Release|Any CPU
		{9E3B8E59-2B3C-4557-A63A-7E43FC52C81D}.Release|Any CPU.Build.0 = Release|Any CPU
		{F968B040-B954-4E95-9086-B323D03106E2}.Debug|Any CPU.ActiveCfg = Debug|Any CPU
		{F968B040-B954-4E95-9086-B323D03106E2}.Debug|Any CPU.Build.0 = Debug|Any CPU
		{F968B040-B954-4E95-9086-B323D03106E2}.Release|Any CPU.ActiveCfg = Release|Any CPU
		{F968B040-B954-4E95-9086-B323D03106E2}.Release|Any CPU.Build.0 = Release|Any CPU
		{7E4E46CA-A80C-4551-BA59-4836E07FBF54}.Debug|Any CPU.ActiveCfg = Debug|Any CPU
		{7E4E46CA-A80C-4551-BA59-4836E07FBF54}.Debug|Any CPU.Build.0 = Debug|Any CPU
		{7E4E46CA-A80C-4551-BA59-4836E07FBF54}.Release|Any CPU.ActiveCfg = Release|Any CPU
		{7E4E46CA-A80C-4551-BA59-4836E07FBF54}.Release|Any CPU.Build.0 = Release|Any CPU
		{F14CC3A4-2E55-46CB-ACF4-26B01EBB8B4F}.Debug|Any CPU.ActiveCfg = Debug|Any CPU
		{F14CC3A4-2E55-46CB-ACF4-26B01EBB8B4F}.Debug|Any CPU.Build.0 = Debug|Any CPU
		{F14CC3A4-2E55-46CB-ACF4-26B01EBB8B4F}.Release|Any CPU.ActiveCfg = Release|Any CPU
		{F14CC3A4-2E55-46CB-ACF4-26B01EBB8B4F}.Release|Any CPU.Build.0 = Release|Any CPU
		{000B87D4-4FAB-47FB-9B8C-3D8E01D726EC}.Debug|Any CPU.ActiveCfg = Debug|Any CPU
		{000B87D4-4FAB-47FB-9B8C-3D8E01D726EC}.Debug|Any CPU.Build.0 = Debug|Any CPU
		{000B87D4-4FAB-47FB-9B8C-3D8E01D726EC}.Release|Any CPU.ActiveCfg = Release|Any CPU
		{000B87D4-4FAB-47FB-9B8C-3D8E01D726EC}.Release|Any CPU.Build.0 = Release|Any CPU
	EndGlobalSection
	GlobalSection(SolutionProperties) = preSolution
		HideSolutionNode = FALSE
	EndGlobalSection
	GlobalSection(ExtensibilityGlobals) = postSolution
		SolutionGuid = {373FCC8E-F257-4EF7-93B1-7C9D9D3EA06C}
	EndGlobalSection
EndGlobal
